
Microsoft Visual Studio Solution File, Format Version 12.00
# Visual Studio 15
VisualStudioVersion = 15.0.27004.2010
MinimumVisualStudioVersion = 10.0.40219.1
Project("{9A19103F-16F7-4668-BE54-9A1E7A4F7556}") = "hexgrid", "hexgrid.csproj", "{E22C2B8F-85DD-4C8B-B53C-9B8CDA94310C}"
EndProject
Global
	GlobalSection(SolutionConfigurationPlatforms) = preSolution
		Debug|Any CPU = Debug|Any CPU
		Release|Any CPU = Release|Any CPU
	EndGlobalSection
	GlobalSection(ProjectConfigurationPlatforms) = postSolution
		{E22C2B8F-85DD-4C8B-B53C-9B8CDA94310C}.Debug|Any CPU.ActiveCfg = Debug|Any CPU
		{E22C2B8F-85DD-4C8B-B53C-9B8CDA94310C}.Debug|Any CPU.Build.0 = Debug|Any CPU
		{E22C2B8F-85DD-4C8B-B53C-9B8CDA94310C}.Release|Any CPU.ActiveCfg = Release|Any CPU
		{E22C2B8F-85DD-4C8B-B53C-9B8CDA94310C}.Release|Any CPU.Build.0 = Release|Any CPU
	EndGlobalSection
	GlobalSection(SolutionProperties) = preSolution
		HideSolutionNode = FALSE
	EndGlobalSection
	GlobalSection(ExtensibilityGlobals) = postSolution
		SolutionGuid = {2079D3CC-4442-44C2-B47E-3C8AB166EC91}
	EndGlobalSection
EndGlobal
