
Microsoft Visual Studio Solution File, Format Version 12.00
# Visual Studio 15
VisualStudioVersion = 15.0.27130.2010
MinimumVisualStudioVersion = 10.0.40219.1
Project("{FAE04EC0-301F-11D3-BF4B-00C04F79EFBC}") = "CoCo", "CoCo\CoCo.csproj", "{1DA4B079-0A42-4178-86D8-6509B120EBE4}"
EndProject
Global
	GlobalSection(SolutionConfigurationPlatforms) = preSolution
		Debug|Any CPU = Debug|Any CPU
		Release|Any CPU = Release|Any CPU
	EndGlobalSection
	GlobalSection(ProjectConfigurationPlatforms) = postSolution
		{1DA4B079-0A42-4178-86D8-6509B120EBE4}.Debug|Any CPU.ActiveCfg = Debug|Any CPU
		{1DA4B079-0A42-4178-86D8-6509B120EBE4}.Debug|Any CPU.Build.0 = Debug|Any CPU
		{1DA4B079-0A42-4178-86D8-6509B120EBE4}.Release|Any CPU.ActiveCfg = Release|Any CPU
		{1DA4B079-0A42-4178-86D8-6509B120EBE4}.Release|Any CPU.Build.0 = Release|Any CPU
	EndGlobalSection
	GlobalSection(SolutionProperties) = preSolution
		HideSolutionNode = FALSE
	EndGlobalSection
	GlobalSection(ExtensibilityGlobals) = postSolution
		SolutionGuid = {FF320A35-DDF8-4A93-B86A-05EB43700C37}
	EndGlobalSection
EndGlobal
