
Microsoft Visual Studio Solution File, Format Version 12.00
# Visual Studio 15
VisualStudioVersion = 15.0.27130.2010
MinimumVisualStudioVersion = 10.0.40219.1
Project("{9A19103F-16F7-4668-BE54-9A1E7A4F7556}") = "turing", "turing.csproj", "{7DF33030-EBBE-4F2D-87EE-E66B4E54FB68}"
EndProject
Global
	GlobalSection(SolutionConfigurationPlatforms) = preSolution
		Debug|Any CPU = Debug|Any CPU
		Release|Any CPU = Release|Any CPU
	EndGlobalSection
	GlobalSection(ProjectConfigurationPlatforms) = postSolution
		{7DF33030-EBBE-4F2D-87EE-E66B4E54FB68}.Debug|Any CPU.ActiveCfg = Debug|Any CPU
		{7DF33030-EBBE-4F2D-87EE-E66B4E54FB68}.Debug|Any CPU.Build.0 = Debug|Any CPU
		{7DF33030-EBBE-4F2D-87EE-E66B4E54FB68}.Release|Any CPU.ActiveCfg = Release|Any CPU
		{7DF33030-EBBE-4F2D-87EE-E66B4E54FB68}.Release|Any CPU.Build.0 = Release|Any CPU
	EndGlobalSection
	GlobalSection(SolutionProperties) = preSolution
		HideSolutionNode = FALSE
	EndGlobalSection
	GlobalSection(ExtensibilityGlobals) = postSolution
		SolutionGuid = {CC6D8442-1904-4FE3-AE69-54149EB8263D}
	EndGlobalSection
EndGlobal
