
Microsoft Visual Studio Solution File, Format Version 12.00
# Visual Studio 15
VisualStudioVersion = 15.0.27130.2010
MinimumVisualStudioVersion = 10.0.40219.1
Project("{9A19103F-16F7-4668-BE54-9A1E7A4F7556}") = "bridge", "bridge.csproj", "{9C827614-FF77-41E6-A798-D112EFAA76FD}"
EndProject
Global
	GlobalSection(SolutionConfigurationPlatforms) = preSolution
		Debug|Any CPU = Debug|Any CPU
		Release|Any CPU = Release|Any CPU
	EndGlobalSection
	GlobalSection(ProjectConfigurationPlatforms) = postSolution
		{9C827614-FF77-41E6-A798-D112EFAA76FD}.Debug|Any CPU.ActiveCfg = Debug|Any CPU
		{9C827614-FF77-41E6-A798-D112EFAA76FD}.Debug|Any CPU.Build.0 = Debug|Any CPU
		{9C827614-FF77-41E6-A798-D112EFAA76FD}.Release|Any CPU.ActiveCfg = Release|Any CPU
		{9C827614-FF77-41E6-A798-D112EFAA76FD}.Release|Any CPU.Build.0 = Release|Any CPU
	EndGlobalSection
	GlobalSection(SolutionProperties) = preSolution
		HideSolutionNode = FALSE
	EndGlobalSection
	GlobalSection(ExtensibilityGlobals) = postSolution
		SolutionGuid = {B0AC21F5-B525-4BEF-8DDC-01228DE5C977}
	EndGlobalSection
EndGlobal
