
Microsoft Visual Studio Solution File, Format Version 12.00
# Visual Studio 15
VisualStudioVersion = 15.0.27130.2010
MinimumVisualStudioVersion = 10.0.40219.1
Project("{9A19103F-16F7-4668-BE54-9A1E7A4F7556}") = "swarm", "swarm.csproj", "{A88163BD-7FAE-49B3-AD79-AA556DE424A7}"
EndProject
Global
	GlobalSection(SolutionConfigurationPlatforms) = preSolution
		Debug|Any CPU = Debug|Any CPU
		Release|Any CPU = Release|Any CPU
	EndGlobalSection
	GlobalSection(ProjectConfigurationPlatforms) = postSolution
		{A88163BD-7FAE-49B3-AD79-AA556DE424A7}.Debug|Any CPU.ActiveCfg = Debug|Any CPU
		{A88163BD-7FAE-49B3-AD79-AA556DE424A7}.Debug|Any CPU.Build.0 = Debug|Any CPU
		{A88163BD-7FAE-49B3-AD79-AA556DE424A7}.Release|Any CPU.ActiveCfg = Release|Any CPU
		{A88163BD-7FAE-49B3-AD79-AA556DE424A7}.Release|Any CPU.Build.0 = Release|Any CPU
	EndGlobalSection
	GlobalSection(SolutionProperties) = preSolution
		HideSolutionNode = FALSE
	EndGlobalSection
	GlobalSection(ExtensibilityGlobals) = postSolution
		SolutionGuid = {5DEC0BA1-B58A-4C63-974E-91DA9EE0CA22}
	EndGlobalSection
EndGlobal
