
Microsoft Visual Studio Solution File, Format Version 12.00
# Visual Studio 15
VisualStudioVersion = 15.0.27130.2010
MinimumVisualStudioVersion = 10.0.40219.1
Project("{9A19103F-16F7-4668-BE54-9A1E7A4F7556}") = "generator", "generator.csproj", "{8264D3E5-F599-4E04-AD31-60298539EDAA}"
EndProject
Global
	GlobalSection(SolutionConfigurationPlatforms) = preSolution
		Debug|Any CPU = Debug|Any CPU
		Release|Any CPU = Release|Any CPU
	EndGlobalSection
	GlobalSection(ProjectConfigurationPlatforms) = postSolution
		{8264D3E5-F599-4E04-AD31-60298539EDAA}.Debug|Any CPU.ActiveCfg = Debug|Any CPU
		{8264D3E5-F599-4E04-AD31-60298539EDAA}.Debug|Any CPU.Build.0 = Debug|Any CPU
		{8264D3E5-F599-4E04-AD31-60298539EDAA}.Release|Any CPU.ActiveCfg = Release|Any CPU
		{8264D3E5-F599-4E04-AD31-60298539EDAA}.Release|Any CPU.Build.0 = Release|Any CPU
	EndGlobalSection
	GlobalSection(SolutionProperties) = preSolution
		HideSolutionNode = FALSE
	EndGlobalSection
	GlobalSection(ExtensibilityGlobals) = postSolution
		SolutionGuid = {B23443E3-AF7F-4A5F-800B-C8EADFF1A5A5}
	EndGlobalSection
EndGlobal
