
Microsoft Visual Studio Solution File, Format Version 12.00
# Visual Studio 15
VisualStudioVersion = 15.0.27130.2010
MinimumVisualStudioVersion = 10.0.40219.1
Project("{FAE04EC0-301F-11D3-BF4B-00C04F79EFBC}") = "Turing", "Turing\Turing.csproj", "{C6182343-485D-420F-A238-5D53E846783F}"
EndProject
Global
	GlobalSection(SolutionConfigurationPlatforms) = preSolution
		Debug|Any CPU = Debug|Any CPU
		Release|Any CPU = Release|Any CPU
	EndGlobalSection
	GlobalSection(ProjectConfigurationPlatforms) = postSolution
		{C6182343-485D-420F-A238-5D53E846783F}.Debug|Any CPU.ActiveCfg = Debug|Any CPU
		{C6182343-485D-420F-A238-5D53E846783F}.Debug|Any CPU.Build.0 = Debug|Any CPU
		{C6182343-485D-420F-A238-5D53E846783F}.Release|Any CPU.ActiveCfg = Release|Any CPU
		{C6182343-485D-420F-A238-5D53E846783F}.Release|Any CPU.Build.0 = Release|Any CPU
	EndGlobalSection
	GlobalSection(SolutionProperties) = preSolution
		HideSolutionNode = FALSE
	EndGlobalSection
	GlobalSection(ExtensibilityGlobals) = postSolution
		SolutionGuid = {334F414A-7F16-48B0-9D62-E5F2779F8D10}
	EndGlobalSection
EndGlobal
