
Microsoft Visual Studio Solution File, Format Version 12.00
# Visual Studio 15
VisualStudioVersion = 15.0.27130.2010
MinimumVisualStudioVersion = 10.0.40219.1
Project("{FAE04EC0-301F-11D3-BF4B-00C04F79EFBC}") = "Duet", "Duet\Duet.csproj", "{6750A449-7FBA-424E-9165-2A32D5832D0B}"
EndProject
Global
	GlobalSection(SolutionConfigurationPlatforms) = preSolution
		Debug|Any CPU = Debug|Any CPU
		Release|Any CPU = Release|Any CPU
	EndGlobalSection
	GlobalSection(ProjectConfigurationPlatforms) = postSolution
		{6750A449-7FBA-424E-9165-2A32D5832D0B}.Debug|Any CPU.ActiveCfg = Debug|Any CPU
		{6750A449-7FBA-424E-9165-2A32D5832D0B}.Debug|Any CPU.Build.0 = Debug|Any CPU
		{6750A449-7FBA-424E-9165-2A32D5832D0B}.Release|Any CPU.ActiveCfg = Release|Any CPU
		{6750A449-7FBA-424E-9165-2A32D5832D0B}.Release|Any CPU.Build.0 = Release|Any CPU
	EndGlobalSection
	GlobalSection(SolutionProperties) = preSolution
		HideSolutionNode = FALSE
	EndGlobalSection
	GlobalSection(ExtensibilityGlobals) = postSolution
		SolutionGuid = {E2FE7498-8A14-4834-99F7-1BFABA9B00E7}
	EndGlobalSection
EndGlobal
